
Microsoft Visual Studio Solution File, Format Version 12.00
# Visual Studio Version 17
VisualStudioVersion = 17.1.32414.318
MinimumVisualStudioVersion = 10.0.40219.1
Project("{FAE04EC0-301F-11D3-BF4B-00C04F79EFBC}") = "OrionTekClients", "OrionTekClients\OrionTekClients.csproj", "{1C4783E4-1824-4A58-B5DD-20CC74816F65}"
EndProject
Project("{FAE04EC0-301F-11D3-BF4B-00C04F79EFBC}") = "OrionTekClients.Common", "OrionTekClients.Common\OrionTekClients.Common.csproj", "{C62AF427-130F-456A-B04F-E3B90CDA6ABD}"
EndProject
Global
	GlobalSection(SolutionConfigurationPlatforms) = preSolution
		Debug|Any CPU = Debug|Any CPU
		Release|Any CPU = Release|Any CPU
	EndGlobalSection
	GlobalSection(ProjectConfigurationPlatforms) = postSolution
		{1C4783E4-1824-4A58-B5DD-20CC74816F65}.Debug|Any CPU.ActiveCfg = Debug|Any CPU
		{1C4783E4-1824-4A58-B5DD-20CC74816F65}.Debug|Any CPU.Build.0 = Debug|Any CPU
		{1C4783E4-1824-4A58-B5DD-20CC74816F65}.Release|Any CPU.ActiveCfg = Release|Any CPU
		{1C4783E4-1824-4A58-B5DD-20CC74816F65}.Release|Any CPU.Build.0 = Release|Any CPU
		{C62AF427-130F-456A-B04F-E3B90CDA6ABD}.Debug|Any CPU.ActiveCfg = Debug|Any CPU
		{C62AF427-130F-456A-B04F-E3B90CDA6ABD}.Debug|Any CPU.Build.0 = Debug|Any CPU
		{C62AF427-130F-456A-B04F-E3B90CDA6ABD}.Release|Any CPU.ActiveCfg = Release|Any CPU
		{C62AF427-130F-456A-B04F-E3B90CDA6ABD}.Release|Any CPU.Build.0 = Release|Any CPU
	EndGlobalSection
	GlobalSection(SolutionProperties) = preSolution
		HideSolutionNode = FALSE
	EndGlobalSection
	GlobalSection(ExtensibilityGlobals) = postSolution
		SolutionGuid = {0F778533-3B52-40BF-839E-35C543286665}
	EndGlobalSection
EndGlobal
